
Microsoft Visual Studio Solution File, Format Version 12.00
# Visual Studio Version 17
VisualStudioVersion = 17.3.32929.385
MinimumVisualStudioVersion = 10.0.40219.1
Project("{FAE04EC0-301F-11D3-BF4B-00C04F79EFBC}") = "Perfumery", "Perfumery\Perfumery.csproj", "{4E9689E4-E4D4-4834-8FF0-A522121AB9AF}"
EndProject
Global
	GlobalSection(SolutionConfigurationPlatforms) = preSolution
		Debug|Any CPU = Debug|Any CPU
		Release|Any CPU = Release|Any CPU
	EndGlobalSection
	GlobalSection(ProjectConfigurationPlatforms) = postSolution
		{4E9689E4-E4D4-4834-8FF0-A522121AB9AF}.Debug|Any CPU.ActiveCfg = Debug|Any CPU
		{4E9689E4-E4D4-4834-8FF0-A522121AB9AF}.Debug|Any CPU.Build.0 = Debug|Any CPU
		{4E9689E4-E4D4-4834-8FF0-A522121AB9AF}.Release|Any CPU.ActiveCfg = Release|Any CPU
		{4E9689E4-E4D4-4834-8FF0-A522121AB9AF}.Release|Any CPU.Build.0 = Release|Any CPU
	EndGlobalSection
	GlobalSection(SolutionProperties) = preSolution
		HideSolutionNode = FALSE
	EndGlobalSection
	GlobalSection(ExtensibilityGlobals) = postSolution
		SolutionGuid = {0364A574-4169-4B54-88A3-B04FEAE817C8}
	EndGlobalSection
EndGlobal
